// !$*UTF8*$!
{
	archiveVersion = 1;
	classes = {
	};
	objectVersion = 46;
	objects = {

/* Begin PBXBuildFile section */
		B5F8E1A31AF28E6800A0EA48 /* AppDelegate.m in Sources */ = {isa = PBXBuildFile; fileRef = B5F8E1A21AF28E6800A0EA48 /* AppDelegate.m */; };
		B5F8E1A51AF28E6800A0EA48 /* main.m in Sources */ = {isa = PBXBuildFile; fileRef = B5F8E1A41AF28E6800A0EA48 /* main.m */; };
		B5F8E1A81AF28E6800A0EA48 /* ViewController.m in Sources */ = {isa = PBXBuildFile; fileRef = B5F8E1A71AF28E6800A0EA48 /* ViewController.m */; };
		B5F8E1AA1AF28E6800A0EA48 /* Images.xcassets in Resources */ = {isa = PBXBuildFile; fileRef = B5F8E1A91AF28E6800A0EA48 /* Images.xcassets */; };
		B5F8E1AD1AF28E6800A0EA48 /* Main.storyboard in Resources */ = {isa = PBXBuildFile; fileRef = B5F8E1AB1AF28E6800A0EA48 /* Main.storyboard */; };
		B5F8E1B91AF28E6800A0EA48 /* lua2d_macTests.m in Sources */ = {isa = PBXBuildFile; fileRef = B5F8E1B81AF28E6800A0EA48 /* lua2d_macTests.m */; };
		B5F8E1C41AF292BA00A0EA48 /* MyOpenGLView.m in Sources */ = {isa = PBXBuildFile; fileRef = B5F8E1C31AF292BA00A0EA48 /* MyOpenGLView.m */; };
/* End PBXBuildFile section */

/* Begin PBXContainerItemProxy section */
		B5F8E1B31AF28E6800A0EA48 /* PBXContainerItemProxy */ = {
			isa = PBXContainerItemProxy;
			containerPortal = B5F8E1941AF28E6800A0EA48 /* Project object */;
			proxyType = 1;
			remoteGlobalIDString = B5F8E19B1AF28E6800A0EA48;
			remoteInfo = lua2d_mac;
		};
/* End PBXContainerItemProxy section */

/* Begin PBXFileReference section */
		B5F8E19C1AF28E6800A0EA48 /* lua2d_mac.app */ = {isa = PBXFileReference; explicitFileType = wrapper.application; includeInIndex = 0; path = lua2d_mac.app; sourceTree = BUILT_PRODUCTS_DIR; };
		B5F8E1A01AF28E6800A0EA48 /* Info.plist */ = {isa = PBXFileReference; lastKnownFileType = text.plist.xml; path = Info.plist; sourceTree = "<group>"; };
		B5F8E1A11AF28E6800A0EA48 /* AppDelegate.h */ = {isa = PBXFileReference; lastKnownFileType = sourcecode.c.h; path = AppDelegate.h; sourceTree = "<group>"; };
		B5F8E1A21AF28E6800A0EA48 /* AppDelegate.m */ = {isa = PBXFileReference; lastKnownFileType = sourcecode.c.objc; path = AppDelegate.m; sourceTree = "<group>"; };
		B5F8E1A41AF28E6800A0EA48 /* main.m */ = {isa = PBXFileReference; lastKnownFileType = sourcecode.c.objc; path = main.m; sourceTree = "<group>"; };
		B5F8E1A61AF28E6800A0EA48 /* ViewController.h */ = {isa = PBXFileReference; lastKnownFileType = sourcecode.c.h; path = ViewController.h; sourceTree = "<group>"; };
		B5F8E1A71AF28E6800A0EA48 /* ViewController.m */ = {isa = PBXFileReference; lastKnownFileType = sourcecode.c.objc; path = ViewController.m; sourceTree = "<group>"; };
		B5F8E1A91AF28E6800A0EA48 /* Images.xcassets */ = {isa = PBXFileReference; lastKnownFileType = folder.assetcatalog; path = Images.xcassets; sourceTree = "<group>"; };
		B5F8E1AC1AF28E6800A0EA48 /* Base */ = {isa = PBXFileReference; lastKnownFileType = file.storyboard; name = Base; path = Base.lproj/Main.storyboard; sourceTree = "<group>"; };
		B5F8E1B21AF28E6800A0EA48 /* lua2d_macTests.xctest */ = {isa = PBXFileReference; explicitFileType = wrapper.cfbundle; includeInIndex = 0; path = lua2d_macTests.xctest; sourceTree = BUILT_PRODUCTS_DIR; };
		B5F8E1B71AF28E6800A0EA48 /* Info.plist */ = {isa = PBXFileReference; lastKnownFileType = text.plist.xml; path = Info.plist; sourceTree = "<group>"; };
		B5F8E1B81AF28E6800A0EA48 /* lua2d_macTests.m */ = {isa = PBXFileReference; lastKnownFileType = sourcecode.c.objc; path = lua2d_macTests.m; sourceTree = "<group>"; };
		B5F8E1C21AF292BA00A0EA48 /* MyOpenGLView.h */ = {isa = PBXFileReference; fileEncoding = 4; lastKnownFileType = sourcecode.c.h; path = MyOpenGLView.h; sourceTree = "<group>"; };
		B5F8E1C31AF292BA00A0EA48 /* MyOpenGLView.m */ = {isa = PBXFileReference; fileEncoding = 4; lastKnownFileType = sourcecode.c.objc; path = MyOpenGLView.m; sourceTree = "<group>"; };
/* End PBXFileReference section */

/* Begin PBXFrameworksBuildPhase section */
		B5F8E1991AF28E6800A0EA48 /* Frameworks */ = {
			isa = PBXFrameworksBuildPhase;
			buildActionMask = 2147483647;
			files = (
			);
			runOnlyForDeploymentPostprocessing = 0;
		};
		B5F8E1AF1AF28E6800A0EA48 /* Frameworks */ = {
			isa = PBXFrameworksBuildPhase;
			buildActionMask = 2147483647;
			files = (
			);
			runOnlyForDeploymentPostprocessing = 0;
		};
/* End PBXFrameworksBuildPhase section */

/* Begin PBXGroup section */
		B5F8E1931AF28E6800A0EA48 = {
			isa = PBXGroup;
			children = (
				B5F8E19E1AF28E6800A0EA48 /* lua2d_mac */,
				B5F8E1B51AF28E6800A0EA48 /* lua2d_macTests */,
				B5F8E19D1AF28E6800A0EA48 /* Products */,
			);
			sourceTree = "<group>";
		};
		B5F8E19D1AF28E6800A0EA48 /* Products */ = {
			isa = PBXGroup;
			children = (
				B5F8E19C1AF28E6800A0EA48 /* lua2d_mac.app */,
				B5F8E1B21AF28E6800A0EA48 /* lua2d_macTests.xctest */,
			);
			name = Products;
			sourceTree = "<group>";
		};
		B5F8E19E1AF28E6800A0EA48 /* lua2d_mac */ = {
			isa = PBXGroup;
			children = (
				B5F8E1A11AF28E6800A0EA48 /* AppDelegate.h */,
				B5F8E1A21AF28E6800A0EA48 /* AppDelegate.m */,
				B5F8E1A61AF28E6800A0EA48 /* ViewController.h */,
				B5F8E1A71AF28E6800A0EA48 /* ViewController.m */,
				B5F8E1A91AF28E6800A0EA48 /* Images.xcassets */,
				B5F8E1AB1AF28E6800A0EA48 /* Main.storyboard */,
				B5F8E19F1AF28E6800A0EA48 /* Supporting Files */,
				B5F8E1C21AF292BA00A0EA48 /* MyOpenGLView.h */,
				B5F8E1C31AF292BA00A0EA48 /* MyOpenGLView.m */,
			);
			path = lua2d_mac;
			sourceTree = "<group>";
		};
		B5F8E19F1AF28E6800A0EA48 /* Supporting Files */ = {
			isa = PBXGroup;
			children = (
				B5F8E1A01AF28E6800A0EA48 /* Info.plist */,
				B5F8E1A41AF28E6800A0EA48 /* main.m */,
			);
			name = "Supporting Files";
			sourceTree = "<group>";
		};
		B5F8E1B51AF28E6800A0EA48 /* lua2d_macTests */ = {
			isa = PBXGroup;
			children = (
				B5F8E1B81AF28E6800A0EA48 /* lua2d_macTests.m */,
				B5F8E1B61AF28E6800A0EA48 /* Supporting Files */,
			);
			path = lua2d_macTests;
			sourceTree = "<group>";
		};
		B5F8E1B61AF28E6800A0EA48 /* Supporting Files */ = {
			isa = PBXGroup;
			children = (
				B5F8E1B71AF28E6800A0EA48 /* Info.plist */,
			);
			name = "Supporting Files";
			sourceTree = "<group>";
		};
/* End PBXGroup section */

/* Begin PBXNativeTarget section */
		B5F8E19B1AF28E6800A0EA48 /* lua2d_mac */ = {
			isa = PBXNativeTarget;
			buildConfigurationList = B5F8E1BC1AF28E6800A0EA48 /* Build configuration list for PBXNativeTarget "lua2d_mac" */;
			buildPhases = (
				B5F8E1981AF28E6800A0EA48 /* Sources */,
				B5F8E1991AF28E6800A0EA48 /* Frameworks */,
				B5F8E19A1AF28E6800A0EA48 /* Resources */,
			);
			buildRules = (
			);
			dependencies = (
			);
			name = lua2d_mac;
			productName = lua2d_mac;
			productReference = B5F8E19C1AF28E6800A0EA48 /* lua2d_mac.app */;
			productType = "com.apple.product-type.application";
		};
		B5F8E1B11AF28E6800A0EA48 /* lua2d_macTests */ = {
			isa = PBXNativeTarget;
			buildConfigurationList = B5F8E1BF1AF28E6800A0EA48 /* Build configuration list for PBXNativeTarget "lua2d_macTests" */;
			buildPhases = (
				B5F8E1AE1AF28E6800A0EA48 /* Sources */,
				B5F8E1AF1AF28E6800A0EA48 /* Frameworks */,
				B5F8E1B01AF28E6800A0EA48 /* Resources */,
			);
			buildRules = (
			);
			dependencies = (
				B5F8E1B41AF28E6800A0EA48 /* PBXTargetDependency */,
			);
			name = lua2d_macTests;
			productName = lua2d_macTests;
			productReference = B5F8E1B21AF28E6800A0EA48 /* lua2d_macTests.xctest */;
			productType = "com.apple.product-type.bundle.unit-test";
		};
/* End PBXNativeTarget section */

/* Begin PBXProject section */
		B5F8E1941AF28E6800A0EA48 /* Project object */ = {
			isa = PBXProject;
			attributes = {
				LastUpgradeCheck = 0630;
				ORGANIZATIONNAME = chenbingfeng;
				TargetAttributes = {
					B5F8E19B1AF28E6800A0EA48 = {
						CreatedOnToolsVersion = 6.3;
					};
					B5F8E1B11AF28E6800A0EA48 = {
						CreatedOnToolsVersion = 6.3;
						TestTargetID = B5F8E19B1AF28E6800A0EA48;
					};
				};
			};
			buildConfigurationList = B5F8E1971AF28E6800A0EA48 /* Build configuration list for PBXProject "lua2d_mac" */;
			compatibilityVersion = "Xcode 3.2";
			developmentRegion = English;
			hasScannedForEncodings = 0;
			knownRegions = (
				en,
				Base,
			);
			mainGroup = B5F8E1931AF28E6800A0EA48;
			productRefGroup = B5F8E19D1AF28E6800A0EA48 /* Products */;
			projectDirPath = "";
			projectRoot = "";
			targets = (
				B5F8E19B1AF28E6800A0EA48 /* lua2d_mac */,
				B5F8E1B11AF28E6800A0EA48 /* lua2d_macTests */,
			);
		};
/* End PBXProject section */

/* Begin PBXResourcesBuildPhase section */
		B5F8E19A1AF28E6800A0EA48 /* Resources */ = {
			isa = PBXResourcesBuildPhase;
			buildActionMask = 2147483647;
			files = (
				B5F8E1AA1AF28E6800A0EA48 /* Images.xcassets in Resources */,
				B5F8E1AD1AF28E6800A0EA48 /* Main.storyboard in Resources */,
			);
			runOnlyForDeploymentPostprocessing = 0;
		};
		B5F8E1B01AF28E6800A0EA48 /* Resources */ = {
			isa = PBXResourcesBuildPhase;
			buildActionMask = 2147483647;
			files = (
			);
			runOnlyForDeploymentPostprocessing = 0;
		};
/* End PBXResourcesBuildPhase section */

/* Begin PBXSourcesBuildPhase section */
		B5F8E1981AF28E6800A0EA48 /* Sources */ = {
			isa = PBXSourcesBuildPhase;
			buildActionMask = 2147483647;
			files = (
				B5F8E1A81AF28E6800A0EA48 /* ViewController.m in Sources */,
				B5F8E1A51AF28E6800A0EA48 /* main.m in Sources */,
				B5F8E1A31AF28E6800A0EA48 /* AppDelegate.m in Sources */,
				B5F8E1C41AF292BA00A0EA48 /* MyOpenGLView.m in Sources */,
			);
			runOnlyForDeploymentPostprocessing = 0;
		};
		B5F8E1AE1AF28E6800A0EA48 /* Sources */ = {
			isa = PBXSourcesBuildPhase;
			buildActionMask = 2147483647;
			files = (
				B5F8E1B91AF28E6800A0EA48 /* lua2d_macTests.m in Sources */,
			);
			runOnlyForDeploymentPostprocessing = 0;
		};
/* End PBXSourcesBuildPhase section */

/* Begin PBXTargetDependency section */
		B5F8E1B41AF28E6800A0EA48 /* PBXTargetDependency */ = {
			isa = PBXTargetDependency;
			target = B5F8E19B1AF28E6800A0EA48 /* lua2d_mac */;
			targetProxy = B5F8E1B31AF28E6800A0EA48 /* PBXContainerItemProxy */;
		};
/* End PBXTargetDependency section */

/* Begin PBXVariantGroup section */
		B5F8E1AB1AF28E6800A0EA48 /* Main.storyboard */ = {
			isa = PBXVariantGroup;
			children = (
				B5F8E1AC1AF28E6800A0EA48 /* Base */,
			);
			name = Main.storyboard;
			sourceTree = "<group>";
		};
/* End PBXVariantGroup section */

/* Begin XCBuildConfiguration section */
		B5F8E1BA1AF28E6800A0EA48 /* Debug */ = {
			isa = XCBuildConfiguration;
			buildSettings = {
				ALWAYS_SEARCH_USER_PATHS = NO;
				CLANG_CXX_LANGUAGE_STANDARD = "gnu++0x";
				CLANG_CXX_LIBRARY = "libc++";
				CLANG_ENABLE_MODULES = YES;
				CLANG_ENABLE_OBJC_ARC = YES;
				CLANG_WARN_BOOL_CONVERSION = YES;
				CLANG_WARN_CONSTANT_CONVERSION = YES;
				CLANG_WARN_DIRECT_OBJC_ISA_USAGE = YES_ERROR;
				CLANG_WARN_EMPTY_BODY = YES;
				CLANG_WARN_ENUM_CONVERSION = YES;
				CLANG_WARN_INT_CONVERSION = YES;
				CLANG_WARN_OBJC_ROOT_CLASS = YES_ERROR;
				CLANG_WARN_UNREACHABLE_CODE = YES;
				CLANG_WARN__DUPLICATE_METHOD_MATCH = YES;
				CODE_SIGN_IDENTITY = "-";
				COPY_PHASE_STRIP = NO;
				DEBUG_INFORMATION_FORMAT = dwarf;
				ENABLE_STRICT_OBJC_MSGSEND = YES;
				GCC_C_LANGUAGE_STANDARD = gnu99;
				GCC_DYNAMIC_NO_PIC = NO;
				GCC_NO_COMMON_BLOCKS = YES;
				GCC_OPTIMIZATION_LEVEL = 0;
				GCC_PREPROCESSOR_DEFINITIONS = (
					"DEBUG=1",
					"$(inherited)",
				);
				GCC_SYMBOLS_PRIVATE_EXTERN = NO;
				GCC_WARN_64_TO_32_BIT_CONVERSION = YES;
				GCC_WARN_ABOUT_RETURN_TYPE = YES_ERROR;
				GCC_WARN_UNDECLARED_SELECTOR = YES;
				GCC_WARN_UNINITIALIZED_AUTOS = YES_AGGRESSIVE;
				GCC_WARN_UNUSED_FUNCTION = YES;
				GCC_WARN_UNUSED_VARIABLE = YES;
				MACOSX_DEPLOYMENT_TARGET = 10.10;
				MTL_ENABLE_DEBUG_INFO = YES;
				ONLY_ACTIVE_ARCH = YES;
				SDKROOT = macosx;
			};
			name = Debug;
		};
		B5F8E1BB1AF28E6800A0EA48 /* Release */ = {
			isa = XCBuildConfiguration;
			buildSettings = {
				ALWAYS_SEARCH_USER_PATHS = NO;
				CLANG_CXX_LANGUAGE_STANDARD = "gnu++0x";
				CLANG_CXX_LIBRARY = "libc++";
				CLANG_ENABLE_MODULES = YES;
				CLANG_ENABLE_OBJC_ARC = YES;
				CLANG_WARN_BOOL_CONVERSION = YES;
				CLANG_WARN_CONSTANT_CONVERSION = YES;
				CLANG_WARN_DIRECT_OBJC_ISA_USAGE = YES_ERROR;
				CLANG_WARN_EMPTY_BODY = YES;
				CLANG_WARN_ENUM_CONVERSION = YES;
				CLANG_WARN_INT_CONVERSION = YES;
				CLANG_WARN_OBJC_ROOT_CLASS = YES_ERROR;
				CLANG_WARN_UNREACHABLE_CODE = YES;
				CLANG_WARN__DUPLICATE_METHOD_MATCH = YES;
				CODE_SIGN_IDENTITY = "-";
				COPY_PHASE_STRIP = NO;
				DEBUG_INFORMATION_FORMAT = "dwarf-with-dsym";
				ENABLE_NS_ASSERTIONS = NO;
				ENABLE_STRICT_OBJC_MSGSEND = YES;
				GCC_C_LANGUAGE_STANDARD = gnu99;
				GCC_NO_COMMON_BLOCKS = YES;
				GCC_WARN_64_TO_32_BIT_CONVERSION = YES;
				GCC_WARN_ABOUT_RETURN_TYPE = YES_ERROR;
				GCC_WARN_UNDECLARED_SELECTOR = YES;
				GCC_WARN_UNINITIALIZED_AUTOS = YES_AGGRESSIVE;
				GCC_WARN_UNUSED_FUNCTION = YES;
				GCC_WARN_UNUSED_VARIABLE = YES;
				MACOSX_DEPLOYMENT_TARGET = 10.10;
				MTL_ENABLE_DEBUG_INFO = NO;
				SDKROOT = macosx;
			};
			name = Release;
		};
		B5F8E1BD1AF28E6800A0EA48 /* Debug */ = {
			isa = XCBuildConfiguration;
			buildSettings = {
				ASSETCATALOG_COMPILER_APPICON_NAME = AppIcon;
				COMBINE_HIDPI_IMAGES = YES;
				INFOPLIST_FILE = lua2d_mac/Info.plist;
				LD_RUNPATH_SEARCH_PATHS = "$(inherited) @executable_path/../Frameworks";
				PRODUCT_NAME = "$(TARGET_NAME)";
			};
			name = Debug;
		};
		B5F8E1BE1AF28E6800A0EA48 /* Release */ = {
			isa = XCBuildConfiguration;
			buildSettings = {
				ASSETCATALOG_COMPILER_APPICON_NAME = AppIcon;
				COMBINE_HIDPI_IMAGES = YES;
				INFOPLIST_FILE = lua2d_mac/Info.plist;
				LD_RUNPATH_SEARCH_PATHS = "$(inherited) @executable_path/../Frameworks";
				PRODUCT_NAME = "$(TARGET_NAME)";
			};
			name = Release;
		};
		B5F8E1C01AF28E6800A0EA48 /* Debug */ = {
			isa = XCBuildConfiguration;
			buildSettings = {
				BUNDLE_LOADER = "$(TEST_HOST)";
				COMBINE_HIDPI_IMAGES = YES;
				FRAMEWORK_SEARCH_PATHS = (
					"$(DEVELOPER_FRAMEWORKS_DIR)",
					"$(inherited)",
				);
				GCC_PREPROCESSOR_DEFINITIONS = (
					"DEBUG=1",
					"$(inherited)",
				);
				INFOPLIST_FILE = lua2d_macTests/Info.plist;
				LD_RUNPATH_SEARCH_PATHS = "$(inherited) @executable_path/../Frameworks @loader_path/../Frameworks";
				PRODUCT_NAME = "$(TARGET_NAME)";
				TEST_HOST = "$(BUILT_PRODUCTS_DIR)/lua2d_mac.app/Contents/MacOS/lua2d_mac";
			};
			name = Debug;
		};
		B5F8E1C11AF28E6800A0EA48 /* Release */ = {
			isa = XCBuildConfiguration;
			buildSettings = {
				BUNDLE_LOADER = "$(TEST_HOST)";
				COMBINE_HIDPI_IMAGES = YES;
				FRAMEWORK_SEARCH_PATHS = (
					"$(DEVELOPER_FRAMEWORKS_DIR)",
					"$(inherited)",
				);
				INFOPLIST_FILE = lua2d_macTests/Info.plist;
				LD_RUNPATH_SEARCH_PATHS = "$(inherited) @executable_path/../Frameworks @loader_path/../Frameworks";
				PRODUCT_NAME = "$(TARGET_NAME)";
				TEST_HOST = "$(BUILT_PRODUCTS_DIR)/lua2d_mac.app/Contents/MacOS/lua2d_mac";
			};
			name = Release;
		};
/* End XCBuildConfiguration section */

/* Begin XCConfigurationList section */
		B5F8E1971AF28E6800A0EA48 /* Build configuration list for PBXProject "lua2d_mac" */ = {
			isa = XCConfigurationList;
			buildConfigurations = (
				B5F8E1BA1AF28E6800A0EA48 /* Debug */,
				B5F8E1BB1AF28E6800A0EA48 /* Release */,
			);
			defaultConfigurationIsVisible = 0;
			defaultConfigurationName = Release;
		};
		B5F8E1BC1AF28E6800A0EA48 /* Build configuration list for PBXNativeTarget "lua2d_mac" */ = {
			isa = XCConfigurationList;
			buildConfigurations = (
				B5F8E1BD1AF28E6800A0EA48 /* Debug */,
				B5F8E1BE1AF28E6800A0EA48 /* Release */,
			);
			defaultConfigurationIsVisible = 0;
		};
		B5F8E1BF1AF28E6800A0EA48 /* Build configuration list for PBXNativeTarget "lua2d_macTests" */ = {
			isa = XCConfigurationList;
			buildConfigurations = (
				B5F8E1C01AF28E6800A0EA48 /* Debug */,
				B5F8E1C11AF28E6800A0EA48 /* Release */,
			);
			defaultConfigurationIsVisible = 0;
		};
/* End XCConfigurationList section */
	};
	rootObject = B5F8E1941AF28E6800A0EA48 /* Project object */;
}
